// !$*UTF8*$!
{
	archiveVersion = 1;
	classes = {
	};
	objectVersion = 55;
	objects = {

/* Begin PBXBuildFile section */
		C8200FB427D15DCD0072030F /* FeedLoaderCacheDecoratorTests.swift in Sources */ = {isa = PBXBuildFile; fileRef = C8200FB327D15DCD0072030F /* FeedLoaderCacheDecoratorTests.swift */; };
		C8200FB627D166E30072030F /* FeedLoaderStub.swift in Sources */ = {isa = PBXBuildFile; fileRef = C8200FB527D166E30072030F /* FeedLoaderStub.swift */; };
		C8200FB827D1679B0072030F /* XCTestCase+FeedLoader.swift in Sources */ = {isa = PBXBuildFile; fileRef = C8200FB727D1679B0072030F /* XCTestCase+FeedLoader.swift */; };
		C8200FBC27D16FC90072030F /* FeedLoaderCacheDecorator.swift in Sources */ = {isa = PBXBuildFile; fileRef = C8200FBB27D16FC90072030F /* FeedLoaderCacheDecorator.swift */; };
		C8216BDB27C8F2F7002DE91B /* AppDelegate.swift in Sources */ = {isa = PBXBuildFile; fileRef = C8216BDA27C8F2F7002DE91B /* AppDelegate.swift */; };
		C8216BDD27C8F2F7002DE91B /* SceneDelegate.swift in Sources */ = {isa = PBXBuildFile; fileRef = C8216BDC27C8F2F7002DE91B /* SceneDelegate.swift */; };
		C8216BDF27C8F2F7002DE91B /* ViewController.swift in Sources */ = {isa = PBXBuildFile; fileRef = C8216BDE27C8F2F7002DE91B /* ViewController.swift */; };
		C8216BE227C8F2F7002DE91B /* Main.storyboard in Resources */ = {isa = PBXBuildFile; fileRef = C8216BE027C8F2F7002DE91B /* Main.storyboard */; };
		C8216BE427C8F2F9002DE91B /* Assets.xcassets in Resources */ = {isa = PBXBuildFile; fileRef = C8216BE327C8F2F9002DE91B /* Assets.xcassets */; };
		C8216BE727C8F2F9002DE91B /* LaunchScreen.storyboard in Resources */ = {isa = PBXBuildFile; fileRef = C8216BE527C8F2F9002DE91B /* LaunchScreen.storyboard */; };
		C8216BF227C8F2FA002DE91B /* FeedLoaderWithFallbackFeedCompositeTests.swift in Sources */ = {isa = PBXBuildFile; fileRef = C8216BF127C8F2FA002DE91B /* FeedLoaderWithFallbackFeedCompositeTests.swift */; };
		C8216C0D27C8F525002DE91B /* EssentialFeed.framework in Frameworks */ = {isa = PBXBuildFile; fileRef = C8216C0B27C8F525002DE91B /* EssentialFeed.framework */; };
		C8216C0E27C8F525002DE91B /* EssentialFeed.framework in Embed Frameworks */ = {isa = PBXBuildFile; fileRef = C8216C0B27C8F525002DE91B /* EssentialFeed.framework */; settings = {ATTRIBUTES = (CodeSignOnCopy, RemoveHeadersOnCopy, ); }; };
		C8216C0F27C8F525002DE91B /* EssentialFeediOS.framework in Frameworks */ = {isa = PBXBuildFile; fileRef = C8216C0C27C8F525002DE91B /* EssentialFeediOS.framework */; };
		C8216C1027C8F525002DE91B /* EssentialFeediOS.framework in Embed Frameworks */ = {isa = PBXBuildFile; fileRef = C8216C0C27C8F525002DE91B /* EssentialFeediOS.framework */; settings = {ATTRIBUTES = (CodeSignOnCopy, RemoveHeadersOnCopy, ); }; };
		C85CA2AA27CED3CB009B85D5 /* FeedLoaderWithFallbackComposite.swift in Sources */ = {isa = PBXBuildFile; fileRef = C85CA2A927CED3CB009B85D5 /* FeedLoaderWithFallbackComposite.swift */; };
		C85CA2AC27CED494009B85D5 /* FeedImageDataLoaderWithFallbackCompositeTests.swift in Sources */ = {isa = PBXBuildFile; fileRef = C85CA2AB27CED494009B85D5 /* FeedImageDataLoaderWithFallbackCompositeTests.swift */; };
		C85CA2AF27CED5A1009B85D5 /* XCTestCase+MemoryLeakTracking.swift in Sources */ = {isa = PBXBuildFile; fileRef = C85CA2AE27CED5A1009B85D5 /* XCTestCase+MemoryLeakTracking.swift */; };
		C85CA2B127CFAE8C009B85D5 /* SharedTestHelpers.swift in Sources */ = {isa = PBXBuildFile; fileRef = C85CA2B027CFAE8C009B85D5 /* SharedTestHelpers.swift */; };
		C8C1406227DF5DA600A11B3D /* UIView+TestHelpers.swift in Sources */ = {isa = PBXBuildFile; fileRef = C8C1406127DF5DA600A11B3D /* UIView+TestHelpers.swift */; };
		C8CA208E27D8CFA5007CCFDB /* SceneDelegateTests.swift in Sources */ = {isa = PBXBuildFile; fileRef = C8CA208D27D8CFA5007CCFDB /* SceneDelegateTests.swift */; };
		C8CA209F27D8D348007CCFDB /* FeedViewController+TestHelpers.swift in Sources */ = {isa = PBXBuildFile; fileRef = C8CA209D27D8D347007CCFDB /* FeedViewController+TestHelpers.swift */; };
		C8CA20A027D8D348007CCFDB /* UIRefreshControl+TestHelpers.swift in Sources */ = {isa = PBXBuildFile; fileRef = C8CA209627D8D347007CCFDB /* UIRefreshControl+TestHelpers.swift */; };
		C8CA20A127D8D348007CCFDB /* FeedViewControllerTests+Assertions.swift in Sources */ = {isa = PBXBuildFile; fileRef = C8CA209927D8D347007CCFDB /* FeedViewControllerTests+Assertions.swift */; };
		C8CA20A227D8D348007CCFDB /* FeedViewControllerTests+Localization.swift in Sources */ = {isa = PBXBuildFile; fileRef = C8CA209C27D8D347007CCFDB /* FeedViewControllerTests+Localization.swift */; };
		C8CA20A327D8D348007CCFDB /* UiControl+TestHelpers.swift in Sources */ = {isa = PBXBuildFile; fileRef = C8CA209727D8D347007CCFDB /* UiControl+TestHelpers.swift */; };
		C8CA20A427D8D348007CCFDB /* UIImage+TestHelpers.swift in Sources */ = {isa = PBXBuildFile; fileRef = C8CA209A27D8D347007CCFDB /* UIImage+TestHelpers.swift */; };
		C8CA20A527D8D348007CCFDB /* FeedViewControllerTests+LoaderSpy.swift in Sources */ = {isa = PBXBuildFile; fileRef = C8CA209827D8D347007CCFDB /* FeedViewControllerTests+LoaderSpy.swift */; };
		C8CA20A627D8D348007CCFDB /* FeedImageCell+TestHelpers.swift in Sources */ = {isa = PBXBuildFile; fileRef = C8CA209B27D8D347007CCFDB /* FeedImageCell+TestHelpers.swift */; };
		C8CA20A727D8D348007CCFDB /* UIButton+TestHelpers.swift in Sources */ = {isa = PBXBuildFile; fileRef = C8CA209E27D8D348007CCFDB /* UIButton+TestHelpers.swift */; };
		C8CA20A927D8D354007CCFDB /* FeedUIIntegrationTests.swift in Sources */ = {isa = PBXBuildFile; fileRef = C8CA20A827D8D354007CCFDB /* FeedUIIntegrationTests.swift */; };
		C8CA20AA27D8D40C007CCFDB /* FeedImageDataLoaderPresentationAdapter.swift in Sources */ = {isa = PBXBuildFile; fileRef = C8CA209227D8D323007CCFDB /* FeedImageDataLoaderPresentationAdapter.swift */; };
		C8CA20AB27D8D40C007CCFDB /* WeakRefVirtualProxy.swift in Sources */ = {isa = PBXBuildFile; fileRef = C8CA209327D8D323007CCFDB /* WeakRefVirtualProxy.swift */; };
		C8CA20AC27D8D40C007CCFDB /* FeedViewAdapter.swift in Sources */ = {isa = PBXBuildFile; fileRef = C8CA209027D8D323007CCFDB /* FeedViewAdapter.swift */; };
		C8CA20AD27D8D40C007CCFDB /* MainQueueDispatchDecorator.swift in Sources */ = {isa = PBXBuildFile; fileRef = C8CA209427D8D323007CCFDB /* MainQueueDispatchDecorator.swift */; };
		C8CA20AE27D8D40C007CCFDB /* FeedLoaderPresentationAdapter.swift in Sources */ = {isa = PBXBuildFile; fileRef = C8CA209127D8D323007CCFDB /* FeedLoaderPresentationAdapter.swift */; };
		C8CA20AF27D8D40C007CCFDB /* FeedUIComposer.swift in Sources */ = {isa = PBXBuildFile; fileRef = C8CA208F27D8D323007CCFDB /* FeedUIComposer.swift */; };
		C8CA20B127D8D7BE007CCFDB /* EssentialAppAcceptanceTests.swift in Sources */ = {isa = PBXBuildFile; fileRef = C8CA20B027D8D7BE007CCFDB /* EssentialAppAcceptanceTests.swift */; };
		C8CA20B327D8E97F007CCFDB /* HTTPClientStub.swift in Sources */ = {isa = PBXBuildFile; fileRef = C8CA20B227D8E97F007CCFDB /* HTTPClientStub.swift */; };
		C8CA20B527D8E9CB007CCFDB /* InMemoryFeedStore.swift in Sources */ = {isa = PBXBuildFile; fileRef = C8CA20B427D8E9CB007CCFDB /* InMemoryFeedStore.swift */; };
		C8CB7BAE27E0B56800E3F501 /* EssentialFeedAPI.framework in Frameworks */ = {isa = PBXBuildFile; fileRef = C8CB7BAD27E0B56800E3F501 /* EssentialFeedAPI.framework */; };
		C8CB7BAF27E0B56800E3F501 /* EssentialFeedAPI.framework in Embed Frameworks */ = {isa = PBXBuildFile; fileRef = C8CB7BAD27E0B56800E3F501 /* EssentialFeedAPI.framework */; settings = {ATTRIBUTES = (CodeSignOnCopy, RemoveHeadersOnCopy, ); }; };
		C8CC8F3027D2194D00632411 /* FeedImageDataLoaderCacheDecoratorTests.swift in Sources */ = {isa = PBXBuildFile; fileRef = C8CC8F2F27D2194D00632411 /* FeedImageDataLoaderCacheDecoratorTests.swift */; };
		C8CC8F3227D229F200632411 /* FeedImageDataLoaderSpy.swift in Sources */ = {isa = PBXBuildFile; fileRef = C8CC8F3127D229F200632411 /* FeedImageDataLoaderSpy.swift */; };
		C8CC8F3427D22A5100632411 /* XCTestCase+FeedImageDataLoader.swift in Sources */ = {isa = PBXBuildFile; fileRef = C8CC8F3327D22A5100632411 /* XCTestCase+FeedImageDataLoader.swift */; };
		C8CC8F3827D22B6700632411 /* FeedImageDataLoaderCacheDecorator.swift in Sources */ = {isa = PBXBuildFile; fileRef = C8CC8F3727D22B6700632411 /* FeedImageDataLoaderCacheDecorator.swift */; };
		C8DF21EB27D048E9003F0A6B /* FeedImageDataLoaderWithFallbackComposite.swift in Sources */ = {isa = PBXBuildFile; fileRef = C8DF21EA27D048E9003F0A6B /* FeedImageDataLoaderWithFallbackComposite.swift */; };
		C8F7882B27E17B0C00E4BD3E /* EssentialFeedAPIInfrastructure.framework in Frameworks */ = {isa = PBXBuildFile; fileRef = C8F7882A27E17B0C00E4BD3E /* EssentialFeedAPIInfrastructure.framework */; };
		C8F7882C27E17B0C00E4BD3E /* EssentialFeedAPIInfrastructure.framework in Embed Frameworks */ = {isa = PBXBuildFile; fileRef = C8F7882A27E17B0C00E4BD3E /* EssentialFeedAPIInfrastructure.framework */; settings = {ATTRIBUTES = (CodeSignOnCopy, RemoveHeadersOnCopy, ); }; };
		C8F788BD27E1EFDE00E4BD3E /* EssentialFeedCache.framework in Frameworks */ = {isa = PBXBuildFile; fileRef = C8F788BC27E1EFDE00E4BD3E /* EssentialFeedCache.framework */; };
		C8F788BE27E1EFDE00E4BD3E /* EssentialFeedCache.framework in Embed Frameworks */ = {isa = PBXBuildFile; fileRef = C8F788BC27E1EFDE00E4BD3E /* EssentialFeedCache.framework */; settings = {ATTRIBUTES = (CodeSignOnCopy, RemoveHeadersOnCopy, ); }; };
/* End PBXBuildFile section */

/* Begin PBXContainerItemProxy section */
		C8216BEE27C8F2F9002DE91B /* PBXContainerItemProxy */ = {
			isa = PBXContainerItemProxy;
			containerPortal = C8216BCF27C8F2F7002DE91B /* Project object */;
			proxyType = 1;
			remoteGlobalIDString = C8216BD627C8F2F7002DE91B;
			remoteInfo = EssentialApp;
		};
/* End PBXContainerItemProxy section */

/* Begin PBXCopyFilesBuildPhase section */
		C8216C1127C8F525002DE91B /* Embed Frameworks */ = {
			isa = PBXCopyFilesBuildPhase;
			buildActionMask = 2147483647;
			dstPath = "";
			dstSubfolderSpec = 10;
			files = (
				C8CB7BAF27E0B56800E3F501 /* EssentialFeedAPI.framework in Embed Frameworks */,
				C8F788BE27E1EFDE00E4BD3E /* EssentialFeedCache.framework in Embed Frameworks */,
				C8216C0E27C8F525002DE91B /* EssentialFeed.framework in Embed Frameworks */,
				C8216C1027C8F525002DE91B /* EssentialFeediOS.framework in Embed Frameworks */,
				C8F7882C27E17B0C00E4BD3E /* EssentialFeedAPIInfrastructure.framework in Embed Frameworks */,
			);
			name = "Embed Frameworks";
			runOnlyForDeploymentPostprocessing = 0;
		};
/* End PBXCopyFilesBuildPhase section */

/* Begin PBXFileReference section */
		C8200FB327D15DCD0072030F /* FeedLoaderCacheDecoratorTests.swift */ = {isa = PBXFileReference; lastKnownFileType = sourcecode.swift; path = FeedLoaderCacheDecoratorTests.swift; sourceTree = "<group>"; };
		C8200FB527D166E30072030F /* FeedLoaderStub.swift */ = {isa = PBXFileReference; lastKnownFileType = sourcecode.swift; path = FeedLoaderStub.swift; sourceTree = "<group>"; };
		C8200FB727D1679B0072030F /* XCTestCase+FeedLoader.swift */ = {isa = PBXFileReference; lastKnownFileType = sourcecode.swift; path = "XCTestCase+FeedLoader.swift"; sourceTree = "<group>"; };
		C8200FBB27D16FC90072030F /* FeedLoaderCacheDecorator.swift */ = {isa = PBXFileReference; lastKnownFileType = sourcecode.swift; path = FeedLoaderCacheDecorator.swift; sourceTree = "<group>"; };
		C8216BD727C8F2F7002DE91B /* EssentialApp.app */ = {isa = PBXFileReference; explicitFileType = wrapper.application; includeInIndex = 0; path = EssentialApp.app; sourceTree = BUILT_PRODUCTS_DIR; };
		C8216BDA27C8F2F7002DE91B /* AppDelegate.swift */ = {isa = PBXFileReference; lastKnownFileType = sourcecode.swift; path = AppDelegate.swift; sourceTree = "<group>"; };
		C8216BDC27C8F2F7002DE91B /* SceneDelegate.swift */ = {isa = PBXFileReference; lastKnownFileType = sourcecode.swift; path = SceneDelegate.swift; sourceTree = "<group>"; };
		C8216BDE27C8F2F7002DE91B /* ViewController.swift */ = {isa = PBXFileReference; lastKnownFileType = sourcecode.swift; path = ViewController.swift; sourceTree = "<group>"; };
		C8216BE127C8F2F7002DE91B /* Base */ = {isa = PBXFileReference; lastKnownFileType = file.storyboard; name = Base; path = Base.lproj/Main.storyboard; sourceTree = "<group>"; };
		C8216BE327C8F2F9002DE91B /* Assets.xcassets */ = {isa = PBXFileReference; lastKnownFileType = folder.assetcatalog; path = Assets.xcassets; sourceTree = "<group>"; };
		C8216BE627C8F2F9002DE91B /* Base */ = {isa = PBXFileReference; lastKnownFileType = file.storyboard; name = Base; path = Base.lproj/LaunchScreen.storyboard; sourceTree = "<group>"; };
		C8216BE827C8F2F9002DE91B /* Info.plist */ = {isa = PBXFileReference; lastKnownFileType = text.plist.xml; path = Info.plist; sourceTree = "<group>"; };
		C8216BED27C8F2F9002DE91B /* EssentialAppTests.xctest */ = {isa = PBXFileReference; explicitFileType = wrapper.cfbundle; includeInIndex = 0; path = EssentialAppTests.xctest; sourceTree = BUILT_PRODUCTS_DIR; };
		C8216BF127C8F2FA002DE91B /* FeedLoaderWithFallbackFeedCompositeTests.swift */ = {isa = PBXFileReference; lastKnownFileType = sourcecode.swift; path = FeedLoaderWithFallbackFeedCompositeTests.swift; sourceTree = "<group>"; };
		C8216C0B27C8F525002DE91B /* EssentialFeed.framework */ = {isa = PBXFileReference; explicitFileType = wrapper.framework; path = EssentialFeed.framework; sourceTree = BUILT_PRODUCTS_DIR; };
		C8216C0C27C8F525002DE91B /* EssentialFeediOS.framework */ = {isa = PBXFileReference; explicitFileType = wrapper.framework; path = EssentialFeediOS.framework; sourceTree = BUILT_PRODUCTS_DIR; };
		C85CA2A927CED3CB009B85D5 /* FeedLoaderWithFallbackComposite.swift */ = {isa = PBXFileReference; lastKnownFileType = sourcecode.swift; path = FeedLoaderWithFallbackComposite.swift; sourceTree = "<group>"; };
		C85CA2AB27CED494009B85D5 /* FeedImageDataLoaderWithFallbackCompositeTests.swift */ = {isa = PBXFileReference; lastKnownFileType = sourcecode.swift; path = FeedImageDataLoaderWithFallbackCompositeTests.swift; sourceTree = "<group>"; };
		C85CA2AE27CED5A1009B85D5 /* XCTestCase+MemoryLeakTracking.swift */ = {isa = PBXFileReference; lastKnownFileType = sourcecode.swift; path = "XCTestCase+MemoryLeakTracking.swift"; sourceTree = "<group>"; };
		C85CA2B027CFAE8C009B85D5 /* SharedTestHelpers.swift */ = {isa = PBXFileReference; lastKnownFileType = sourcecode.swift; path = SharedTestHelpers.swift; sourceTree = "<group>"; };
		C8C1406127DF5DA600A11B3D /* UIView+TestHelpers.swift */ = {isa = PBXFileReference; lastKnownFileType = sourcecode.swift; path = "UIView+TestHelpers.swift"; sourceTree = "<group>"; };
		C8CA208D27D8CFA5007CCFDB /* SceneDelegateTests.swift */ = {isa = PBXFileReference; lastKnownFileType = sourcecode.swift; path = SceneDelegateTests.swift; sourceTree = "<group>"; };
		C8CA208F27D8D323007CCFDB /* FeedUIComposer.swift */ = {isa = PBXFileReference; lastKnownFileType = sourcecode.swift; path = FeedUIComposer.swift; sourceTree = "<group>"; };
		C8CA209027D8D323007CCFDB /* FeedViewAdapter.swift */ = {isa = PBXFileReference; lastKnownFileType = sourcecode.swift; path = FeedViewAdapter.swift; sourceTree = "<group>"; };
		C8CA209127D8D323007CCFDB /* FeedLoaderPresentationAdapter.swift */ = {isa = PBXFileReference; lastKnownFileType = sourcecode.swift; path = FeedLoaderPresentationAdapter.swift; sourceTree = "<group>"; };
		C8CA209227D8D323007CCFDB /* FeedImageDataLoaderPresentationAdapter.swift */ = {isa = PBXFileReference; lastKnownFileType = sourcecode.swift; path = FeedImageDataLoaderPresentationAdapter.swift; sourceTree = "<group>"; };
		C8CA209327D8D323007CCFDB /* WeakRefVirtualProxy.swift */ = {isa = PBXFileReference; lastKnownFileType = sourcecode.swift; path = WeakRefVirtualProxy.swift; sourceTree = "<group>"; };
		C8CA209427D8D323007CCFDB /* MainQueueDispatchDecorator.swift */ = {isa = PBXFileReference; lastKnownFileType = sourcecode.swift; path = MainQueueDispatchDecorator.swift; sourceTree = "<group>"; };
		C8CA209627D8D347007CCFDB /* UIRefreshControl+TestHelpers.swift */ = {isa = PBXFileReference; lastKnownFileType = sourcecode.swift; path = "UIRefreshControl+TestHelpers.swift"; sourceTree = "<group>"; };
		C8CA209727D8D347007CCFDB /* UiControl+TestHelpers.swift */ = {isa = PBXFileReference; lastKnownFileType = sourcecode.swift; path = "UiControl+TestHelpers.swift"; sourceTree = "<group>"; };
		C8CA209827D8D347007CCFDB /* FeedViewControllerTests+LoaderSpy.swift */ = {isa = PBXFileReference; lastKnownFileType = sourcecode.swift; path = "FeedViewControllerTests+LoaderSpy.swift"; sourceTree = "<group>"; };
		C8CA209927D8D347007CCFDB /* FeedViewControllerTests+Assertions.swift */ = {isa = PBXFileReference; lastKnownFileType = sourcecode.swift; path = "FeedViewControllerTests+Assertions.swift"; sourceTree = "<group>"; };
		C8CA209A27D8D347007CCFDB /* UIImage+TestHelpers.swift */ = {isa = PBXFileReference; lastKnownFileType = sourcecode.swift; path = "UIImage+TestHelpers.swift"; sourceTree = "<group>"; };
		C8CA209B27D8D347007CCFDB /* FeedImageCell+TestHelpers.swift */ = {isa = PBXFileReference; lastKnownFileType = sourcecode.swift; path = "FeedImageCell+TestHelpers.swift"; sourceTree = "<group>"; };
		C8CA209C27D8D347007CCFDB /* FeedViewControllerTests+Localization.swift */ = {isa = PBXFileReference; lastKnownFileType = sourcecode.swift; path = "FeedViewControllerTests+Localization.swift"; sourceTree = "<group>"; };
		C8CA209D27D8D347007CCFDB /* FeedViewController+TestHelpers.swift */ = {isa = PBXFileReference; lastKnownFileType = sourcecode.swift; path = "FeedViewController+TestHelpers.swift"; sourceTree = "<group>"; };
		C8CA209E27D8D348007CCFDB /* UIButton+TestHelpers.swift */ = {isa = PBXFileReference; lastKnownFileType = sourcecode.swift; path = "UIButton+TestHelpers.swift"; sourceTree = "<group>"; };
		C8CA20A827D8D354007CCFDB /* FeedUIIntegrationTests.swift */ = {isa = PBXFileReference; lastKnownFileType = sourcecode.swift; path = FeedUIIntegrationTests.swift; sourceTree = "<group>"; };
		C8CA20B027D8D7BE007CCFDB /* EssentialAppAcceptanceTests.swift */ = {isa = PBXFileReference; lastKnownFileType = sourcecode.swift; path = EssentialAppAcceptanceTests.swift; sourceTree = "<group>"; };
		C8CA20B227D8E97F007CCFDB /* HTTPClientStub.swift */ = {isa = PBXFileReference; lastKnownFileType = sourcecode.swift; path = HTTPClientStub.swift; sourceTree = "<group>"; };
		C8CA20B427D8E9CB007CCFDB /* InMemoryFeedStore.swift */ = {isa = PBXFileReference; lastKnownFileType = sourcecode.swift; path = InMemoryFeedStore.swift; sourceTree = "<group>"; };
		C8CB7BAD27E0B56800E3F501 /* EssentialFeedAPI.framework */ = {isa = PBXFileReference; explicitFileType = wrapper.framework; path = EssentialFeedAPI.framework; sourceTree = BUILT_PRODUCTS_DIR; };
		C8CC8F2F27D2194D00632411 /* FeedImageDataLoaderCacheDecoratorTests.swift */ = {isa = PBXFileReference; lastKnownFileType = sourcecode.swift; path = FeedImageDataLoaderCacheDecoratorTests.swift; sourceTree = "<group>"; };
		C8CC8F3127D229F200632411 /* FeedImageDataLoaderSpy.swift */ = {isa = PBXFileReference; lastKnownFileType = sourcecode.swift; path = FeedImageDataLoaderSpy.swift; sourceTree = "<group>"; };
		C8CC8F3327D22A5100632411 /* XCTestCase+FeedImageDataLoader.swift */ = {isa = PBXFileReference; lastKnownFileType = sourcecode.swift; path = "XCTestCase+FeedImageDataLoader.swift"; sourceTree = "<group>"; };
		C8CC8F3727D22B6700632411 /* FeedImageDataLoaderCacheDecorator.swift */ = {isa = PBXFileReference; lastKnownFileType = sourcecode.swift; path = FeedImageDataLoaderCacheDecorator.swift; sourceTree = "<group>"; };
		C8DF21EA27D048E9003F0A6B /* FeedImageDataLoaderWithFallbackComposite.swift */ = {isa = PBXFileReference; lastKnownFileType = sourcecode.swift; path = FeedImageDataLoaderWithFallbackComposite.swift; sourceTree = "<group>"; };
		C8F7881F27E1787500E4BD3E /* FeedAPIInfrastructure.framework */ = {isa = PBXFileReference; explicitFileType = wrapper.framework; path = FeedAPIInfrastructure.framework; sourceTree = BUILT_PRODUCTS_DIR; };
		C8F7882A27E17B0C00E4BD3E /* EssentialFeedAPIInfrastructure.framework */ = {isa = PBXFileReference; explicitFileType = wrapper.framework; path = EssentialFeedAPIInfrastructure.framework; sourceTree = BUILT_PRODUCTS_DIR; };
		C8F788BC27E1EFDE00E4BD3E /* EssentialFeedCache.framework */ = {isa = PBXFileReference; explicitFileType = wrapper.framework; path = EssentialFeedCache.framework; sourceTree = BUILT_PRODUCTS_DIR; };
/* End PBXFileReference section */

/* Begin PBXFrameworksBuildPhase section */
		C8216BD427C8F2F7002DE91B /* Frameworks */ = {
			isa = PBXFrameworksBuildPhase;
			buildActionMask = 2147483647;
			files = (
				C8CB7BAE27E0B56800E3F501 /* EssentialFeedAPI.framework in Frameworks */,
				C8F788BD27E1EFDE00E4BD3E /* EssentialFeedCache.framework in Frameworks */,
				C8216C0D27C8F525002DE91B /* EssentialFeed.framework in Frameworks */,
				C8216C0F27C8F525002DE91B /* EssentialFeediOS.framework in Frameworks */,
				C8F7882B27E17B0C00E4BD3E /* EssentialFeedAPIInfrastructure.framework in Frameworks */,
			);
			runOnlyForDeploymentPostprocessing = 0;
		};
		C8216BEA27C8F2F9002DE91B /* Frameworks */ = {
			isa = PBXFrameworksBuildPhase;
			buildActionMask = 2147483647;
			files = (
			);
			runOnlyForDeploymentPostprocessing = 0;
		};
/* End PBXFrameworksBuildPhase section */

/* Begin PBXGroup section */
		C8216BCE27C8F2F7002DE91B = {
			isa = PBXGroup;
			children = (
				C8216BD927C8F2F7002DE91B /* EssentialApp */,
				C8216BF027C8F2F9002DE91B /* EssentialAppTests */,
				C8216BD827C8F2F7002DE91B /* Products */,
				C8216C0A27C8F525002DE91B /* Frameworks */,
			);
			sourceTree = "<group>";
		};
		C8216BD827C8F2F7002DE91B /* Products */ = {
			isa = PBXGroup;
			children = (
				C8216BD727C8F2F7002DE91B /* EssentialApp.app */,
				C8216BED27C8F2F9002DE91B /* EssentialAppTests.xctest */,
			);
			name = Products;
			sourceTree = "<group>";
		};
		C8216BD927C8F2F7002DE91B /* EssentialApp */ = {
			isa = PBXGroup;
			children = (
				C8CA209527D8D323007CCFDB /* Composers */,
				C8216BDA27C8F2F7002DE91B /* AppDelegate.swift */,
				C8216BDC27C8F2F7002DE91B /* SceneDelegate.swift */,
				C8216BDE27C8F2F7002DE91B /* ViewController.swift */,
				C8216BE027C8F2F7002DE91B /* Main.storyboard */,
				C8216BE327C8F2F9002DE91B /* Assets.xcassets */,
				C8216BE527C8F2F9002DE91B /* LaunchScreen.storyboard */,
				C8216BE827C8F2F9002DE91B /* Info.plist */,
				C85CA2A927CED3CB009B85D5 /* FeedLoaderWithFallbackComposite.swift */,
				C8DF21EA27D048E9003F0A6B /* FeedImageDataLoaderWithFallbackComposite.swift */,
				C8200FBB27D16FC90072030F /* FeedLoaderCacheDecorator.swift */,
				C8CC8F3727D22B6700632411 /* FeedImageDataLoaderCacheDecorator.swift */,
			);
			path = EssentialApp;
			sourceTree = "<group>";
		};
		C8216BF027C8F2F9002DE91B /* EssentialAppTests */ = {
			isa = PBXGroup;
			children = (
				C8CA20A827D8D354007CCFDB /* FeedUIIntegrationTests.swift */,
				C85CA2AD27CED57C009B85D5 /* Helpers */,
				C8216BF127C8F2FA002DE91B /* FeedLoaderWithFallbackFeedCompositeTests.swift */,
				C8200FB327D15DCD0072030F /* FeedLoaderCacheDecoratorTests.swift */,
				C85CA2AB27CED494009B85D5 /* FeedImageDataLoaderWithFallbackCompositeTests.swift */,
				C8CA20B027D8D7BE007CCFDB /* EssentialAppAcceptanceTests.swift */,
				C8CC8F2F27D2194D00632411 /* FeedImageDataLoaderCacheDecoratorTests.swift */,
				C8CA208D27D8CFA5007CCFDB /* SceneDelegateTests.swift */,
			);
			path = EssentialAppTests;
			sourceTree = "<group>";
		};
		C8216C0A27C8F525002DE91B /* Frameworks */ = {
			isa = PBXGroup;
			children = (
				C8F788BC27E1EFDE00E4BD3E /* EssentialFeedCache.framework */,
				C8F7882A27E17B0C00E4BD3E /* EssentialFeedAPIInfrastructure.framework */,
				C8F7881F27E1787500E4BD3E /* FeedAPIInfrastructure.framework */,
				C8CB7BAD27E0B56800E3F501 /* EssentialFeedAPI.framework */,
				C8216C0B27C8F525002DE91B /* EssentialFeed.framework */,
				C8216C0C27C8F525002DE91B /* EssentialFeediOS.framework */,
			);
			name = Frameworks;
			sourceTree = "<group>";
		};
		C85CA2AD27CED57C009B85D5 /* Helpers */ = {
			isa = PBXGroup;
			children = (
				C8CA209E27D8D348007CCFDB /* UIButton+TestHelpers.swift */,
				C8CA209A27D8D347007CCFDB /* UIImage+TestHelpers.swift */,
				C8CA209627D8D347007CCFDB /* UIRefreshControl+TestHelpers.swift */,
				C8CA209727D8D347007CCFDB /* UiControl+TestHelpers.swift */,
				C8CA209D27D8D347007CCFDB /* FeedViewController+TestHelpers.swift */,
				C8CA209827D8D347007CCFDB /* FeedViewControllerTests+LoaderSpy.swift */,
				C8CA209B27D8D347007CCFDB /* FeedImageCell+TestHelpers.swift */,
				C8CA209927D8D347007CCFDB /* FeedViewControllerTests+Assertions.swift */,
				C8CA209C27D8D347007CCFDB /* FeedViewControllerTests+Localization.swift */,
				C8CA20B427D8E9CB007CCFDB /* InMemoryFeedStore.swift */,
				C85CA2AE27CED5A1009B85D5 /* XCTestCase+MemoryLeakTracking.swift */,
				C8200FB727D1679B0072030F /* XCTestCase+FeedLoader.swift */,
				C8CC8F3327D22A5100632411 /* XCTestCase+FeedImageDataLoader.swift */,
				C85CA2B027CFAE8C009B85D5 /* SharedTestHelpers.swift */,
				C8200FB527D166E30072030F /* FeedLoaderStub.swift */,
				C8CC8F3127D229F200632411 /* FeedImageDataLoaderSpy.swift */,
				C8CA20B227D8E97F007CCFDB /* HTTPClientStub.swift */,
				C8C1406127DF5DA600A11B3D /* UIView+TestHelpers.swift */,
			);
			path = Helpers;
			sourceTree = "<group>";
		};
		C8CA209527D8D323007CCFDB /* Composers */ = {
			isa = PBXGroup;
			children = (
				C8CA208F27D8D323007CCFDB /* FeedUIComposer.swift */,
				C8CA209027D8D323007CCFDB /* FeedViewAdapter.swift */,
				C8CA209127D8D323007CCFDB /* FeedLoaderPresentationAdapter.swift */,
				C8CA209227D8D323007CCFDB /* FeedImageDataLoaderPresentationAdapter.swift */,
				C8CA209327D8D323007CCFDB /* WeakRefVirtualProxy.swift */,
				C8CA209427D8D323007CCFDB /* MainQueueDispatchDecorator.swift */,
			);
			path = Composers;
			sourceTree = "<group>";
		};
/* End PBXGroup section */

/* Begin PBXNativeTarget section */
		C8216BD627C8F2F7002DE91B /* EssentialApp */ = {
			isa = PBXNativeTarget;
			buildConfigurationList = C8216C0127C8F2FA002DE91B /* Build configuration list for PBXNativeTarget "EssentialApp" */;
			buildPhases = (
				C8216BD327C8F2F7002DE91B /* Sources */,
				C8216BD427C8F2F7002DE91B /* Frameworks */,
				C8216BD527C8F2F7002DE91B /* Resources */,
				C8216C1127C8F525002DE91B /* Embed Frameworks */,
			);
			buildRules = (
			);
			dependencies = (
			);
			name = EssentialApp;
			productName = EssentialApp;
			productReference = C8216BD727C8F2F7002DE91B /* EssentialApp.app */;
			productType = "com.apple.product-type.application";
		};
		C8216BEC27C8F2F9002DE91B /* EssentialAppTests */ = {
			isa = PBXNativeTarget;
			buildConfigurationList = C8216C0427C8F2FA002DE91B /* Build configuration list for PBXNativeTarget "EssentialAppTests" */;
			buildPhases = (
				C8216BE927C8F2F9002DE91B /* Sources */,
				C8216BEA27C8F2F9002DE91B /* Frameworks */,
				C8216BEB27C8F2F9002DE91B /* Resources */,
			);
			buildRules = (
			);
			dependencies = (
				C8216BEF27C8F2F9002DE91B /* PBXTargetDependency */,
			);
			name = EssentialAppTests;
			productName = EssentialAppTests;
			productReference = C8216BED27C8F2F9002DE91B /* EssentialAppTests.xctest */;
			productType = "com.apple.product-type.bundle.unit-test";
		};
/* End PBXNativeTarget section */

/* Begin PBXProject section */
		C8216BCF27C8F2F7002DE91B /* Project object */ = {
			isa = PBXProject;
			attributes = {
				BuildIndependentTargetsInParallel = 1;
				LastSwiftUpdateCheck = 1320;
				LastUpgradeCheck = 1320;
				TargetAttributes = {
					C8216BD627C8F2F7002DE91B = {
						CreatedOnToolsVersion = 13.2.1;
					};
					C8216BEC27C8F2F9002DE91B = {
						CreatedOnToolsVersion = 13.2.1;
						TestTargetID = C8216BD627C8F2F7002DE91B;
					};
				};
			};
			buildConfigurationList = C8216BD227C8F2F7002DE91B /* Build configuration list for PBXProject "EssentialApp" */;
			compatibilityVersion = "Xcode 13.0";
			developmentRegion = en;
			hasScannedForEncodings = 0;
			knownRegions = (
				en,
				Base,
			);
			mainGroup = C8216BCE27C8F2F7002DE91B;
			productRefGroup = C8216BD827C8F2F7002DE91B /* Products */;
			projectDirPath = "";
			projectRoot = "";
			targets = (
				C8216BD627C8F2F7002DE91B /* EssentialApp */,
				C8216BEC27C8F2F9002DE91B /* EssentialAppTests */,
			);
		};
/* End PBXProject section */

/* Begin PBXResourcesBuildPhase section */
		C8216BD527C8F2F7002DE91B /* Resources */ = {
			isa = PBXResourcesBuildPhase;
			buildActionMask = 2147483647;
			files = (
				C8216BE727C8F2F9002DE91B /* LaunchScreen.storyboard in Resources */,
				C8216BE427C8F2F9002DE91B /* Assets.xcassets in Resources */,
				C8216BE227C8F2F7002DE91B /* Main.storyboard in Resources */,
			);
			runOnlyForDeploymentPostprocessing = 0;
		};
		C8216BEB27C8F2F9002DE91B /* Resources */ = {
			isa = PBXResourcesBuildPhase;
			buildActionMask = 2147483647;
			files = (
			);
			runOnlyForDeploymentPostprocessing = 0;
		};
/* End PBXResourcesBuildPhase section */

/* Begin PBXSourcesBuildPhase section */
		C8216BD327C8F2F7002DE91B /* Sources */ = {
			isa = PBXSourcesBuildPhase;
			buildActionMask = 2147483647;
			files = (
				C8216BDF27C8F2F7002DE91B /* ViewController.swift in Sources */,
				C8216BDB27C8F2F7002DE91B /* AppDelegate.swift in Sources */,
				C8CA20AB27D8D40C007CCFDB /* WeakRefVirtualProxy.swift in Sources */,
				C85CA2AA27CED3CB009B85D5 /* FeedLoaderWithFallbackComposite.swift in Sources */,
				C8CA20AD27D8D40C007CCFDB /* MainQueueDispatchDecorator.swift in Sources */,
				C8216BDD27C8F2F7002DE91B /* SceneDelegate.swift in Sources */,
				C8CA20AC27D8D40C007CCFDB /* FeedViewAdapter.swift in Sources */,
				C8200FBC27D16FC90072030F /* FeedLoaderCacheDecorator.swift in Sources */,
				C8CA20AE27D8D40C007CCFDB /* FeedLoaderPresentationAdapter.swift in Sources */,
				C8CA20AA27D8D40C007CCFDB /* FeedImageDataLoaderPresentationAdapter.swift in Sources */,
				C8DF21EB27D048E9003F0A6B /* FeedImageDataLoaderWithFallbackComposite.swift in Sources */,
				C8CC8F3827D22B6700632411 /* FeedImageDataLoaderCacheDecorator.swift in Sources */,
				C8CA20AF27D8D40C007CCFDB /* FeedUIComposer.swift in Sources */,
			);
			runOnlyForDeploymentPostprocessing = 0;
		};
		C8216BE927C8F2F9002DE91B /* Sources */ = {
			isa = PBXSourcesBuildPhase;
			buildActionMask = 2147483647;
			files = (
				C85CA2B127CFAE8C009B85D5 /* SharedTestHelpers.swift in Sources */,
				C8CA20A727D8D348007CCFDB /* UIButton+TestHelpers.swift in Sources */,
				C8CC8F3027D2194D00632411 /* FeedImageDataLoaderCacheDecoratorTests.swift in Sources */,
				C8CA20A227D8D348007CCFDB /* FeedViewControllerTests+Localization.swift in Sources */,
				C8CA20A327D8D348007CCFDB /* UiControl+TestHelpers.swift in Sources */,
				C8CA20A527D8D348007CCFDB /* FeedViewControllerTests+LoaderSpy.swift in Sources */,
				C8200FB827D1679B0072030F /* XCTestCase+FeedLoader.swift in Sources */,
				C8CC8F3427D22A5100632411 /* XCTestCase+FeedImageDataLoader.swift in Sources */,
				C8CA209F27D8D348007CCFDB /* FeedViewController+TestHelpers.swift in Sources */,
				C8CA20A127D8D348007CCFDB /* FeedViewControllerTests+Assertions.swift in Sources */,
				C8CA208E27D8CFA5007CCFDB /* SceneDelegateTests.swift in Sources */,
				C8CA20B527D8E9CB007CCFDB /* InMemoryFeedStore.swift in Sources */,
				C8CA20A427D8D348007CCFDB /* UIImage+TestHelpers.swift in Sources */,
				C8CA20A627D8D348007CCFDB /* FeedImageCell+TestHelpers.swift in Sources */,
				C8CC8F3227D229F200632411 /* FeedImageDataLoaderSpy.swift in Sources */,
				C8200FB427D15DCD0072030F /* FeedLoaderCacheDecoratorTests.swift in Sources */,
				C8CA20B327D8E97F007CCFDB /* HTTPClientStub.swift in Sources */,
				C8CA20A027D8D348007CCFDB /* UIRefreshControl+TestHelpers.swift in Sources */,
				C8C1406227DF5DA600A11B3D /* UIView+TestHelpers.swift in Sources */,
				C8216BF227C8F2FA002DE91B /* FeedLoaderWithFallbackFeedCompositeTests.swift in Sources */,
				C8CA20B127D8D7BE007CCFDB /* EssentialAppAcceptanceTests.swift in Sources */,
				C85CA2AC27CED494009B85D5 /* FeedImageDataLoaderWithFallbackCompositeTests.swift in Sources */,
				C8200FB627D166E30072030F /* FeedLoaderStub.swift in Sources */,
				C8CA20A927D8D354007CCFDB /* FeedUIIntegrationTests.swift in Sources */,
				C85CA2AF27CED5A1009B85D5 /* XCTestCase+MemoryLeakTracking.swift in Sources */,
			);
			runOnlyForDeploymentPostprocessing = 0;
		};
/* End PBXSourcesBuildPhase section */

/* Begin PBXTargetDependency section */
		C8216BEF27C8F2F9002DE91B /* PBXTargetDependency */ = {
			isa = PBXTargetDependency;
			target = C8216BD627C8F2F7002DE91B /* EssentialApp */;
			targetProxy = C8216BEE27C8F2F9002DE91B /* PBXContainerItemProxy */;
		};
/* End PBXTargetDependency section */

/* Begin PBXVariantGroup section */
		C8216BE027C8F2F7002DE91B /* Main.storyboard */ = {
			isa = PBXVariantGroup;
			children = (
				C8216BE127C8F2F7002DE91B /* Base */,
			);
			name = Main.storyboard;
			sourceTree = "<group>";
		};
		C8216BE527C8F2F9002DE91B /* LaunchScreen.storyboard */ = {
			isa = PBXVariantGroup;
			children = (
				C8216BE627C8F2F9002DE91B /* Base */,
			);
			name = LaunchScreen.storyboard;
			sourceTree = "<group>";
		};
/* End PBXVariantGroup section */

/* Begin XCBuildConfiguration section */
		C8216BFF27C8F2FA002DE91B /* Debug */ = {
			isa = XCBuildConfiguration;
			buildSettings = {
				ALWAYS_SEARCH_USER_PATHS = NO;
				CLANG_ANALYZER_NONNULL = YES;
				CLANG_ANALYZER_NUMBER_OBJECT_CONVERSION = YES_AGGRESSIVE;
				CLANG_CXX_LANGUAGE_STANDARD = "gnu++17";
				CLANG_CXX_LIBRARY = "libc++";
				CLANG_ENABLE_MODULES = YES;
				CLANG_ENABLE_OBJC_ARC = YES;
				CLANG_ENABLE_OBJC_WEAK = YES;
				CLANG_WARN_BLOCK_CAPTURE_AUTORELEASING = YES;
				CLANG_WARN_BOOL_CONVERSION = YES;
				CLANG_WARN_COMMA = YES;
				CLANG_WARN_CONSTANT_CONVERSION = YES;
				CLANG_WARN_DEPRECATED_OBJC_IMPLEMENTATIONS = YES;
				CLANG_WARN_DIRECT_OBJC_ISA_USAGE = YES_ERROR;
				CLANG_WARN_DOCUMENTATION_COMMENTS = YES;
				CLANG_WARN_EMPTY_BODY = YES;
				CLANG_WARN_ENUM_CONVERSION = YES;
				CLANG_WARN_INFINITE_RECURSION = YES;
				CLANG_WARN_INT_CONVERSION = YES;
				CLANG_WARN_NON_LITERAL_NULL_CONVERSION = YES;
				CLANG_WARN_OBJC_IMPLICIT_RETAIN_SELF = YES;
				CLANG_WARN_OBJC_LITERAL_CONVERSION = YES;
				CLANG_WARN_OBJC_ROOT_CLASS = YES_ERROR;
				CLANG_WARN_QUOTED_INCLUDE_IN_FRAMEWORK_HEADER = YES;
				CLANG_WARN_RANGE_LOOP_ANALYSIS = YES;
				CLANG_WARN_STRICT_PROTOTYPES = YES;
				CLANG_WARN_SUSPICIOUS_MOVE = YES;
				CLANG_WARN_UNGUARDED_AVAILABILITY = YES_AGGRESSIVE;
				CLANG_WARN_UNREACHABLE_CODE = YES;
				CLANG_WARN__DUPLICATE_METHOD_MATCH = YES;
				COPY_PHASE_STRIP = NO;
				DEBUG_INFORMATION_FORMAT = dwarf;
				ENABLE_STRICT_OBJC_MSGSEND = YES;
				ENABLE_TESTABILITY = YES;
				GCC_C_LANGUAGE_STANDARD = gnu11;
				GCC_DYNAMIC_NO_PIC = NO;
				GCC_NO_COMMON_BLOCKS = YES;
				GCC_OPTIMIZATION_LEVEL = 0;
				GCC_PREPROCESSOR_DEFINITIONS = (
					"DEBUG=1",
					"$(inherited)",
				);
				GCC_WARN_64_TO_32_BIT_CONVERSION = YES;
				GCC_WARN_ABOUT_RETURN_TYPE = YES_ERROR;
				GCC_WARN_UNDECLARED_SELECTOR = YES;
				GCC_WARN_UNINITIALIZED_AUTOS = YES_AGGRESSIVE;
				GCC_WARN_UNUSED_FUNCTION = YES;
				GCC_WARN_UNUSED_VARIABLE = YES;
				IPHONEOS_DEPLOYMENT_TARGET = 15.2;
				MTL_ENABLE_DEBUG_INFO = INCLUDE_SOURCE;
				MTL_FAST_MATH = YES;
				ONLY_ACTIVE_ARCH = YES;
				SDKROOT = iphoneos;
				SWIFT_ACTIVE_COMPILATION_CONDITIONS = DEBUG;
				SWIFT_OPTIMIZATION_LEVEL = "-Onone";
			};
			name = Debug;
		};
		C8216C0027C8F2FA002DE91B /* Release */ = {
			isa = XCBuildConfiguration;
			buildSettings = {
				ALWAYS_SEARCH_USER_PATHS = NO;
				CLANG_ANALYZER_NONNULL = YES;
				CLANG_ANALYZER_NUMBER_OBJECT_CONVERSION = YES_AGGRESSIVE;
				CLANG_CXX_LANGUAGE_STANDARD = "gnu++17";
				CLANG_CXX_LIBRARY = "libc++";
				CLANG_ENABLE_MODULES = YES;
				CLANG_ENABLE_OBJC_ARC = YES;
				CLANG_ENABLE_OBJC_WEAK = YES;
				CLANG_WARN_BLOCK_CAPTURE_AUTORELEASING = YES;
				CLANG_WARN_BOOL_CONVERSION = YES;
				CLANG_WARN_COMMA = YES;
				CLANG_WARN_CONSTANT_CONVERSION = YES;
				CLANG_WARN_DEPRECATED_OBJC_IMPLEMENTATIONS = YES;
				CLANG_WARN_DIRECT_OBJC_ISA_USAGE = YES_ERROR;
				CLANG_WARN_DOCUMENTATION_COMMENTS = YES;
				CLANG_WARN_EMPTY_BODY = YES;
				CLANG_WARN_ENUM_CONVERSION = YES;
				CLANG_WARN_INFINITE_RECURSION = YES;
				CLANG_WARN_INT_CONVERSION = YES;
				CLANG_WARN_NON_LITERAL_NULL_CONVERSION = YES;
				CLANG_WARN_OBJC_IMPLICIT_RETAIN_SELF = YES;
				CLANG_WARN_OBJC_LITERAL_CONVERSION = YES;
				CLANG_WARN_OBJC_ROOT_CLASS = YES_ERROR;
				CLANG_WARN_QUOTED_INCLUDE_IN_FRAMEWORK_HEADER = YES;
				CLANG_WARN_RANGE_LOOP_ANALYSIS = YES;
				CLANG_WARN_STRICT_PROTOTYPES = YES;
				CLANG_WARN_SUSPICIOUS_MOVE = YES;
				CLANG_WARN_UNGUARDED_AVAILABILITY = YES_AGGRESSIVE;
				CLANG_WARN_UNREACHABLE_CODE = YES;
				CLANG_WARN__DUPLICATE_METHOD_MATCH = YES;
				COPY_PHASE_STRIP = NO;
				DEBUG_INFORMATION_FORMAT = "dwarf-with-dsym";
				ENABLE_NS_ASSERTIONS = NO;
				ENABLE_STRICT_OBJC_MSGSEND = YES;
				GCC_C_LANGUAGE_STANDARD = gnu11;
				GCC_NO_COMMON_BLOCKS = YES;
				GCC_WARN_64_TO_32_BIT_CONVERSION = YES;
				GCC_WARN_ABOUT_RETURN_TYPE = YES_ERROR;
				GCC_WARN_UNDECLARED_SELECTOR = YES;
				GCC_WARN_UNINITIALIZED_AUTOS = YES_AGGRESSIVE;
				GCC_WARN_UNUSED_FUNCTION = YES;
				GCC_WARN_UNUSED_VARIABLE = YES;
				IPHONEOS_DEPLOYMENT_TARGET = 15.2;
				MTL_ENABLE_DEBUG_INFO = NO;
				MTL_FAST_MATH = YES;
				SDKROOT = iphoneos;
				SWIFT_COMPILATION_MODE = wholemodule;
				SWIFT_OPTIMIZATION_LEVEL = "-O";
				VALIDATE_PRODUCT = YES;
			};
			name = Release;
		};
		C8216C0227C8F2FA002DE91B /* Debug */ = {
			isa = XCBuildConfiguration;
			buildSettings = {
				ASSETCATALOG_COMPILER_APPICON_NAME = AppIcon;
				ASSETCATALOG_COMPILER_GLOBAL_ACCENT_COLOR_NAME = AccentColor;
				CODE_SIGN_STYLE = Automatic;
				CURRENT_PROJECT_VERSION = 1;
				GENERATE_INFOPLIST_FILE = YES;
				INFOPLIST_FILE = EssentialApp/Info.plist;
				INFOPLIST_KEY_UIApplicationSupportsIndirectInputEvents = YES;
				INFOPLIST_KEY_UILaunchStoryboardName = LaunchScreen;
				INFOPLIST_KEY_UIMainStoryboardFile = Main;
				INFOPLIST_KEY_UISupportedInterfaceOrientations = "";
				INFOPLIST_KEY_UISupportedInterfaceOrientations_iPad = "UIInterfaceOrientationPortrait UIInterfaceOrientationPortraitUpsideDown UIInterfaceOrientationLandscapeLeft UIInterfaceOrientationLandscapeRight";
				INFOPLIST_KEY_UISupportedInterfaceOrientations_iPhone = "UIInterfaceOrientationPortrait UIInterfaceOrientationLandscapeLeft UIInterfaceOrientationLandscapeRight";
				IPHONEOS_DEPLOYMENT_TARGET = 15.0;
				LD_RUNPATH_SEARCH_PATHS = (
					"$(inherited)",
					"@executable_path/Frameworks",
				);
				MARKETING_VERSION = 1.0;
				PRODUCT_BUNDLE_IDENTIFIER = com.rodrigo.carvalho.essentialFeed.EssentialApp;
				PRODUCT_NAME = "$(TARGET_NAME)";
				SWIFT_EMIT_LOC_STRINGS = YES;
				SWIFT_VERSION = 5.0;
				TARGETED_DEVICE_FAMILY = "1,2";
			};
			name = Debug;
		};
		C8216C0327C8F2FA002DE91B /* Release */ = {
			isa = XCBuildConfiguration;
			buildSettings = {
				ASSETCATALOG_COMPILER_APPICON_NAME = AppIcon;
				ASSETCATALOG_COMPILER_GLOBAL_ACCENT_COLOR_NAME = AccentColor;
				CODE_SIGN_STYLE = Automatic;
				CURRENT_PROJECT_VERSION = 1;
				GENERATE_INFOPLIST_FILE = YES;
				INFOPLIST_FILE = EssentialApp/Info.plist;
				INFOPLIST_KEY_UIApplicationSupportsIndirectInputEvents = YES;
				INFOPLIST_KEY_UILaunchStoryboardName = LaunchScreen;
				INFOPLIST_KEY_UIMainStoryboardFile = Main;
				INFOPLIST_KEY_UISupportedInterfaceOrientations = "";
				INFOPLIST_KEY_UISupportedInterfaceOrientations_iPad = "UIInterfaceOrientationPortrait UIInterfaceOrientationPortraitUpsideDown UIInterfaceOrientationLandscapeLeft UIInterfaceOrientationLandscapeRight";
				INFOPLIST_KEY_UISupportedInterfaceOrientations_iPhone = "UIInterfaceOrientationPortrait UIInterfaceOrientationLandscapeLeft UIInterfaceOrientationLandscapeRight";
				IPHONEOS_DEPLOYMENT_TARGET = 15.0;
				LD_RUNPATH_SEARCH_PATHS = (
					"$(inherited)",
					"@executable_path/Frameworks",
				);
				MARKETING_VERSION = 1.0;
				PRODUCT_BUNDLE_IDENTIFIER = com.rodrigo.carvalho.essentialFeed.EssentialApp;
				PRODUCT_NAME = "$(TARGET_NAME)";
				SWIFT_EMIT_LOC_STRINGS = YES;
				SWIFT_VERSION = 5.0;
				TARGETED_DEVICE_FAMILY = "1,2";
			};
			name = Release;
		};
		C8216C0527C8F2FA002DE91B /* Debug */ = {
			isa = XCBuildConfiguration;
			buildSettings = {
				ALWAYS_EMBED_SWIFT_STANDARD_LIBRARIES = YES;
				BUNDLE_LOADER = "$(TEST_HOST)";
				CODE_SIGN_STYLE = Automatic;
				CURRENT_PROJECT_VERSION = 1;
				GENERATE_INFOPLIST_FILE = YES;
				IPHONEOS_DEPLOYMENT_TARGET = 15.0;
				MARKETING_VERSION = 1.0;
				PRODUCT_BUNDLE_IDENTIFIER = com.rodrigo.carvalho.essentialFeed.EssentialAppTests;
				PRODUCT_NAME = "$(TARGET_NAME)";
				SWIFT_EMIT_LOC_STRINGS = NO;
				SWIFT_VERSION = 5.0;
				TARGETED_DEVICE_FAMILY = "1,2";
				TEST_HOST = "$(BUILT_PRODUCTS_DIR)/EssentialApp.app/EssentialApp";
			};
			name = Debug;
		};
		C8216C0627C8F2FA002DE91B /* Release */ = {
			isa = XCBuildConfiguration;
			buildSettings = {
				ALWAYS_EMBED_SWIFT_STANDARD_LIBRARIES = YES;
				BUNDLE_LOADER = "$(TEST_HOST)";
				CODE_SIGN_STYLE = Automatic;
				CURRENT_PROJECT_VERSION = 1;
				GENERATE_INFOPLIST_FILE = YES;
				IPHONEOS_DEPLOYMENT_TARGET = 15.0;
				MARKETING_VERSION = 1.0;
				PRODUCT_BUNDLE_IDENTIFIER = com.rodrigo.carvalho.essentialFeed.EssentialAppTests;
				PRODUCT_NAME = "$(TARGET_NAME)";
				SWIFT_EMIT_LOC_STRINGS = NO;
				SWIFT_VERSION = 5.0;
				TARGETED_DEVICE_FAMILY = "1,2";
				TEST_HOST = "$(BUILT_PRODUCTS_DIR)/EssentialApp.app/EssentialApp";
			};
			name = Release;
		};
/* End XCBuildConfiguration section */

/* Begin XCConfigurationList section */
		C8216BD227C8F2F7002DE91B /* Build configuration list for PBXProject "EssentialApp" */ = {
			isa = XCConfigurationList;
			buildConfigurations = (
				C8216BFF27C8F2FA002DE91B /* Debug */,
				C8216C0027C8F2FA002DE91B /* Release */,
			);
			defaultConfigurationIsVisible = 0;
			defaultConfigurationName = Release;
		};
		C8216C0127C8F2FA002DE91B /* Build configuration list for PBXNativeTarget "EssentialApp" */ = {
			isa = XCConfigurationList;
			buildConfigurations = (
				C8216C0227C8F2FA002DE91B /* Debug */,
				C8216C0327C8F2FA002DE91B /* Release */,
			);
			defaultConfigurationIsVisible = 0;
			defaultConfigurationName = Release;
		};
		C8216C0427C8F2FA002DE91B /* Build configuration list for PBXNativeTarget "EssentialAppTests" */ = {
			isa = XCConfigurationList;
			buildConfigurations = (
				C8216C0527C8F2FA002DE91B /* Debug */,
				C8216C0627C8F2FA002DE91B /* Release */,
			);
			defaultConfigurationIsVisible = 0;
			defaultConfigurationName = Release;
		};
/* End XCConfigurationList section */
	};
	rootObject = C8216BCF27C8F2F7002DE91B /* Project object */;
}
